{
  "nodes": {
    "flake-utils": {
      "inputs": {
        "systems": [
          "systems"
        ]
      },
      "locked": {
        "lastModified": 1694529238,
        "narHash": "sha256-zsNZZGTGnMOf9YpHKJqMSsa0dXbfmxeoJ7xHlrt+xmY=",
        "owner": "numtide",
        "repo": "flake-utils",
        "rev": "ff7b65b44d01cf9ba6a71320833626af21126384",
        "type": "github"
      },
      "original": {
        "id": "flake-utils",
        "type": "indirect"
      }
    },
    "nixpkgs": {
      "locked": {
        "lastModified": 1703200384,
        "narHash": "sha256-q5j06XOsy0qHOarsYPfZYJPWbTbc8sryRxianlEPJN0=",
        "owner": "NixOS",
        "repo": "nixpkgs",
        "rev": "0b3d618173114c64ab666f557504d6982665d328",
        "type": "github"
      },
      "original": {
        "owner": "NixOS",
        "ref": "nixos-23.11",
        "repo": "nixpkgs",
        "type": "github"
      }
    },
    "piped-backend-src": {
      "flake": false,
      "locked": {
        "lastModified": 1712087100,
        "narHash": "sha256-oGhhanHmjCMg+Xz+OL6St5jaGID1jZJYVlsxBOBMrNs=",
        "owner": "TeamPiped",
        "repo": "piped-backend",
        "rev": "201be343b6141b8eed50e34017b876529d57a47f",
        "type": "github"
      },
      "original": {
        "owner": "TeamPiped",
        "repo": "piped-backend",
        "type": "github"
      }
    },
    "piped-frontend-src": {
      "flake": false,
      "locked": {
        "lastModified": 1712405011,
        "narHash": "sha256-07ajJsNjISjXsijKyQF8vZ/9Swy0YTY2vm6Q/54NkKY=",
        "owner": "TeamPiped",
        "repo": "Piped",
        "rev": "9f14df6b3f7a6f8ef7fe8adaaef586d8d217132a",
        "type": "github"
      },
      "original": {
        "owner": "TeamPiped",
        "repo": "Piped",
        "type": "github"
      }
    },
    "piped-proxy-src": {
      "flake": false,
      "locked": {
        "lastModified": 1712341257,
        "narHash": "sha256-yJnygEUcno/LiRNTkhdgHBwFt48huj2Eu77OHjRSUbM=",
        "owner": "TeamPiped",
        "repo": "piped-proxy",
        "rev": "8e93dde1b5034e3fe1ffce01b12ff0dbfafde55e",
        "type": "github"
      },
      "original": {
        "owner": "TeamPiped",
        "repo": "piped-proxy",
        "type": "github"
      }
    },
    "root": {
      "inputs": {
        "flake-utils": "flake-utils",
        "nixpkgs": "nixpkgs",
        "piped-backend-src": "piped-backend-src",
        "piped-frontend-src": "piped-frontend-src",
        "piped-proxy-src": "piped-proxy-src",
        "systems": "systems"
      }
    },
    "systems": {
      "locked": {
        "lastModified": 1689347949,
        "narHash": "sha256-12tWmuL2zgBgZkdoB6qXZsgJEH9LR3oUgpaQq2RbI80=",
        "owner": "nix-systems",
        "repo": "default-linux",
        "rev": "31732fcf5e8fea42e59c2488ad31a0e651500f68",
        "type": "github"
      },
      "original": {
        "owner": "nix-systems",
        "repo": "default-linux",
        "type": "github"
      }
    }
  },
  "root": "root",
  "version": 7
}
