{
  "nodes": {
    "flake-utils": {
      "inputs": {
        "systems": [
          "systems"
        ]
      },
      "locked": {
        "lastModified": 1710146030,
        "narHash": "sha256-SZ5L6eA7HJ/nmkzGG7/ISclqe6oZdOZTNoesiInkXPQ=",
        "owner": "numtide",
        "repo": "flake-utils",
        "rev": "b1d9ab70662946ef0850d488da1c9019f3a9752a",
        "type": "github"
      },
      "original": {
        "id": "flake-utils",
        "type": "indirect"
      }
    },
    "nixpkgs": {
      "locked": {
        "lastModified": 1731239293,
        "narHash": "sha256-q2yjIWFFcTzp5REWQUOU9L6kHdCDmFDpqeix86SOvDc=",
        "owner": "NixOS",
        "repo": "nixpkgs",
        "rev": "9256f7c71a195ebe7a218043d9f93390d49e6884",
        "type": "github"
      },
      "original": {
        "owner": "NixOS",
        "ref": "nixos-24.05",
        "repo": "nixpkgs",
        "type": "github"
      }
    },
    "piped-backend-src": {
      "flake": false,
      "locked": {
        "lastModified": 1730131578,
        "narHash": "sha256-baEqGG6YfjoGXYV6PnaD0XtxNkHRPmhxICn2+oZTOKA=",
        "owner": "TeamPiped",
        "repo": "piped-backend",
        "rev": "07785f1751ab4ab8e8828f8a94b3c2d37ff765c8",
        "type": "github"
      },
      "original": {
        "owner": "TeamPiped",
        "repo": "piped-backend",
        "type": "github"
      }
    },
    "piped-frontend-src": {
      "flake": false,
      "locked": {
        "lastModified": 1732212120,
        "narHash": "sha256-m+Q4ZZKjbm+p6uiQfBCPNstDn883FrbH1RGEgfTg1h0=",
        "owner": "TeamPiped",
        "repo": "Piped",
        "rev": "753b66b18d7c6eb7b87f9d853c800af7a4b7e09b",
        "type": "github"
      },
      "original": {
        "owner": "TeamPiped",
        "repo": "Piped",
        "type": "github"
      }
    },
    "piped-proxy-src": {
      "flake": false,
      "locked": {
        "lastModified": 1732681037,
        "narHash": "sha256-HiTfg5R0xVRdILEwfh5lJxG7brTrnQKOeLS7eiRuA+U=",
        "owner": "TeamPiped",
        "repo": "piped-proxy",
        "rev": "509a257fe4b85742848f520b603bb8c7f98b9d92",
        "type": "github"
      },
      "original": {
        "owner": "TeamPiped",
        "repo": "piped-proxy",
        "type": "github"
      }
    },
    "root": {
      "inputs": {
        "flake-utils": "flake-utils",
        "nixpkgs": "nixpkgs",
        "piped-backend-src": "piped-backend-src",
        "piped-frontend-src": "piped-frontend-src",
        "piped-proxy-src": "piped-proxy-src",
        "systems": "systems"
      }
    },
    "systems": {
      "locked": {
        "lastModified": 1689347949,
        "narHash": "sha256-12tWmuL2zgBgZkdoB6qXZsgJEH9LR3oUgpaQq2RbI80=",
        "owner": "nix-systems",
        "repo": "default-linux",
        "rev": "31732fcf5e8fea42e59c2488ad31a0e651500f68",
        "type": "github"
      },
      "original": {
        "owner": "nix-systems",
        "repo": "default-linux",
        "type": "github"
      }
    }
  },
  "root": "root",
  "version": 7
}
